
Microsoft Visual Studio Solution File, Format Version 12.00
# Visual Studio Version 16
VisualStudioVersion = 25.0.1706.6
MinimumVisualStudioVersion = 10.0.40219.1
Project("{FAE04EC0-301F-11D3-BF4B-00C04F79EFBC}") = "Graph", "Graph.csproj", "{43483953-EB43-4CDB-A914-495043763B5F}"
EndProject
Global
	GlobalSection(SolutionConfigurationPlatforms) = preSolution
		Debug|Any CPU = Debug|Any CPU
		Release|Any CPU = Release|Any CPU
	EndGlobalSection
	GlobalSection(ProjectConfigurationPlatforms) = postSolution
		{43483953-EB43-4CDB-A914-495043763B5F}.Debug|Any CPU.ActiveCfg = Debug|Any CPU
		{43483953-EB43-4CDB-A914-495043763B5F}.Debug|Any CPU.Build.0 = Debug|Any CPU
		{43483953-EB43-4CDB-A914-495043763B5F}.Release|Any CPU.ActiveCfg = Release|Any CPU
		{43483953-EB43-4CDB-A914-495043763B5F}.Release|Any CPU.Build.0 = Release|Any CPU
	EndGlobalSection
	GlobalSection(SolutionProperties) = preSolution
		HideSolutionNode = FALSE
	EndGlobalSection
	GlobalSection(ExtensibilityGlobals) = postSolution
		SolutionGuid = {1A1C4289-7343-4765-99AB-C5E7DD57F35B}
	EndGlobalSection
EndGlobal
